
Microsoft Visual Studio Solution File, Format Version 12.00
# Visual Studio Version 16
VisualStudioVersion = 16.0.30621.155
MinimumVisualStudioVersion = 10.0.40219.1
Project("{FAE04EC0-301F-11D3-BF4B-00C04F79EFBC}") = "DynatraceService", "DynatraceService.csproj", "{209DD95D-A8E1-4783-B1F1-E43CD0AF0C48}"
EndProject
Global
	GlobalSection(SolutionConfigurationPlatforms) = preSolution
		Debug|Any CPU = Debug|Any CPU
		Release|Any CPU = Release|Any CPU
	EndGlobalSection
	GlobalSection(ProjectConfigurationPlatforms) = postSolution
		{209DD95D-A8E1-4783-B1F1-E43CD0AF0C48}.Debug|Any CPU.ActiveCfg = Debug|Any CPU
		{209DD95D-A8E1-4783-B1F1-E43CD0AF0C48}.Debug|Any CPU.Build.0 = Debug|Any CPU
		{209DD95D-A8E1-4783-B1F1-E43CD0AF0C48}.Release|Any CPU.ActiveCfg = Release|Any CPU
		{209DD95D-A8E1-4783-B1F1-E43CD0AF0C48}.Release|Any CPU.Build.0 = Release|Any CPU
	EndGlobalSection
	GlobalSection(SolutionProperties) = preSolution
		HideSolutionNode = FALSE
	EndGlobalSection
	GlobalSection(ExtensibilityGlobals) = postSolution
		SolutionGuid = {FB9C20C7-66C0-4130-9426-0274A9A5B513}
	EndGlobalSection
EndGlobal
